
Microsoft Visual Studio Solution File, Format Version 12.00
# Visual Studio Version 16
VisualStudioVersion = 16.0.31005.135
MinimumVisualStudioVersion = 10.0.40219.1
Project("{8BC9CEB8-8B4A-11D0-8D11-00A0C91BC942}") = "Task 1", "Task 1\Task 1.vcxproj", "{C5D066D4-72BB-4FDA-B1B6-7CF0E3C1B297}"
EndProject
Global
	GlobalSection(SolutionConfigurationPlatforms) = preSolution
		Debug|x64 = Debug|x64
		Debug|x86 = Debug|x86
		Release|x64 = Release|x64
		Release|x86 = Release|x86
	EndGlobalSection
	GlobalSection(ProjectConfigurationPlatforms) = postSolution
		{C5D066D4-72BB-4FDA-B1B6-7CF0E3C1B297}.Debug|x64.ActiveCfg = Debug|x64
		{C5D066D4-72BB-4FDA-B1B6-7CF0E3C1B297}.Debug|x64.Build.0 = Debug|x64
		{C5D066D4-72BB-4FDA-B1B6-7CF0E3C1B297}.Debug|x86.ActiveCfg = Debug|Win32
		{C5D066D4-72BB-4FDA-B1B6-7CF0E3C1B297}.Debug|x86.Build.0 = Debug|Win32
		{C5D066D4-72BB-4FDA-B1B6-7CF0E3C1B297}.Release|x64.ActiveCfg = Release|x64
		{C5D066D4-72BB-4FDA-B1B6-7CF0E3C1B297}.Release|x64.Build.0 = Release|x64
		{C5D066D4-72BB-4FDA-B1B6-7CF0E3C1B297}.Release|x86.ActiveCfg = Release|Win32
		{C5D066D4-72BB-4FDA-B1B6-7CF0E3C1B297}.Release|x86.Build.0 = Release|Win32
	EndGlobalSection
	GlobalSection(SolutionProperties) = preSolution
		HideSolutionNode = FALSE
	EndGlobalSection
	GlobalSection(ExtensibilityGlobals) = postSolution
		SolutionGuid = {88A54CB9-2142-4C1E-9EFB-5F532CD6AD51}
	EndGlobalSection
EndGlobal
